
Microsoft Visual Studio Solution File, Format Version 12.00
# Visual Studio Version 16
VisualStudioVersion = 16.0.31729.503
MinimumVisualStudioVersion = 10.0.40219.1
Project("{FAE04EC0-301F-11D3-BF4B-00C04F79EFBC}") = "DesignPattern_Creational_Simple_Factory", "DesignPattern_Creational_Simple_Factory.csproj", "{F6B8154A-EF99-488A-9CC0-D3173B5D8B18}"
EndProject
Project("{FAE04EC0-301F-11D3-BF4B-00C04F79EFBC}") = "DesignPattern_Creational_FactoryMethod", "..\DesignPattern_Creational_FactoryMethod\DesignPattern_Creational_FactoryMethod.csproj", "{CF4DD8EC-2700-4C36-B483-FB5F8A177EB3}"
EndProject
Global
	GlobalSection(SolutionConfigurationPlatforms) = preSolution
		Debug|Any CPU = Debug|Any CPU
		Release|Any CPU = Release|Any CPU
	EndGlobalSection
	GlobalSection(ProjectConfigurationPlatforms) = postSolution
		{F6B8154A-EF99-488A-9CC0-D3173B5D8B18}.Debug|Any CPU.ActiveCfg = Debug|Any CPU
		{F6B8154A-EF99-488A-9CC0-D3173B5D8B18}.Debug|Any CPU.Build.0 = Debug|Any CPU
		{F6B8154A-EF99-488A-9CC0-D3173B5D8B18}.Release|Any CPU.ActiveCfg = Release|Any CPU
		{F6B8154A-EF99-488A-9CC0-D3173B5D8B18}.Release|Any CPU.Build.0 = Release|Any CPU
		{CF4DD8EC-2700-4C36-B483-FB5F8A177EB3}.Debug|Any CPU.ActiveCfg = Debug|Any CPU
		{CF4DD8EC-2700-4C36-B483-FB5F8A177EB3}.Debug|Any CPU.Build.0 = Debug|Any CPU
		{CF4DD8EC-2700-4C36-B483-FB5F8A177EB3}.Release|Any CPU.ActiveCfg = Release|Any CPU
		{CF4DD8EC-2700-4C36-B483-FB5F8A177EB3}.Release|Any CPU.Build.0 = Release|Any CPU
	EndGlobalSection
	GlobalSection(SolutionProperties) = preSolution
		HideSolutionNode = FALSE
	EndGlobalSection
	GlobalSection(ExtensibilityGlobals) = postSolution
		SolutionGuid = {B1157873-5C14-42C5-B8A6-AE6EB32246C9}
	EndGlobalSection
EndGlobal
